{
  "nodes": {
    "archiver": {
      "inputs": {
        "nixpkgs": [
          "nixpkgs"
        ]
      },
      "locked": {
        "lastModified": 1693726121,
        "narHash": "sha256-5MyAXoEW4J1Qd66hWqSoSxeeASVjFZA7whOnyUdVC+Q=",
        "owner": "~gotlou",
        "repo": "archiveurl",
        "rev": "493590050404c536f2966f85660629d3ec2bc998",
        "type": "sourcehut"
      },
      "original": {
        "owner": "~gotlou",
        "repo": "archiveurl",
        "type": "sourcehut"
      }
    },
    "code-sandbox": {
      "inputs": {
        "nixpkgs": [
          "nixpkgs"
        ]
      },
      "locked": {
        "lastModified": 1695119282,
        "narHash": "sha256-T4BrvBrVd+2FLTKHxSZBlWv7g2fM6lozFY0TKO9okYY=",
        "owner": "~gotlou",
        "repo": "code-sandbox",
        "rev": "28326a77a8d9f8581455f7e8eab57352308c9106",
        "type": "sourcehut"
      },
      "original": {
        "owner": "~gotlou",
        "repo": "code-sandbox",
        "type": "sourcehut"
      }
    },
    "ff-addons": {
      "inputs": {
        "flake-utils": "flake-utils",
        "nixpkgs": [
          "nixpkgs"
        ]
      },
      "locked": {
        "dir": "pkgs/firefox-addons",
        "lastModified": 1695710989,
        "narHash": "sha256-SuwFAtcLl+S9Rq07NbpXtvWCJTJWoEoS7Lrn08koWUI=",
        "owner": "rycee",
        "repo": "nur-expressions",
        "rev": "ef84c6e0e0f1ef349734ebfbe8f3fbcc472d65d0",
        "type": "gitlab"
      },
      "original": {
        "dir": "pkgs/firefox-addons",
        "owner": "rycee",
        "repo": "nur-expressions",
        "type": "gitlab"
      }
    },
    "flake-utils": {
      "locked": {
        "lastModified": 1629284811,
        "narHash": "sha256-JHgasjPR0/J1J3DRm4KxM4zTyAj4IOJY8vIl75v/kPI=",
        "owner": "numtide",
        "repo": "flake-utils",
        "rev": "c5d161cc0af116a2e17f54316f0bf43f0819785c",
        "type": "github"
      },
      "original": {
        "owner": "numtide",
        "repo": "flake-utils",
        "type": "github"
      }
    },
    "home-manager": {
      "inputs": {
        "nixpkgs": [
          "nixpkgs"
        ]
      },
      "locked": {
        "lastModified": 1695708052,
        "narHash": "sha256-QiWOrZcCmY+zH2NVM6/opZaMRMgam9u+qVYycKLqL10=",
        "owner": "nix-community",
        "repo": "home-manager",
        "rev": "dd88dbc69438384bd94f8282584a86798750028c",
        "type": "github"
      },
      "original": {
        "owner": "nix-community",
        "repo": "home-manager",
        "type": "github"
      }
    },
    "impermanence": {
      "locked": {
        "lastModified": 1694622745,
        "narHash": "sha256-z397+eDhKx9c2qNafL1xv75lC0Q4nOaFlhaU1TINqb8=",
        "owner": "nix-community",
        "repo": "impermanence",
        "rev": "e9643d08d0d193a2e074a19d4d90c67a874d932e",
        "type": "github"
      },
      "original": {
        "owner": "nix-community",
        "repo": "impermanence",
        "type": "github"
      }
    },
    "nixpkgs": {
      "locked": {
        "lastModified": 1695360818,
        "narHash": "sha256-JlkN3R/SSoMTa+CasbxS1gq+GpGxXQlNZRUh9+LIy/0=",
        "owner": "NixOS",
        "repo": "nixpkgs",
        "rev": "e35dcc04a3853da485a396bdd332217d0ac9054f",
        "type": "github"
      },
      "original": {
        "id": "nixpkgs",
        "ref": "nixos-unstable",
        "type": "indirect"
      }
    },
    "plasma-manager": {
      "inputs": {
        "home-manager": [
          "home-manager"
        ],
        "nixpkgs": [
          "nixpkgs"
        ]
      },
      "locked": {
        "lastModified": 1690827734,
        "narHash": "sha256-zcNLTSKGZ5zcx0RQkDKH4dN2MBx+KTfrYN7HfmD0N7c=",
        "owner": "pjones",
        "repo": "plasma-manager",
        "rev": "b6241a2f7c625d0b0bee8e203d78232d0a6535e9",
        "type": "github"
      },
      "original": {
        "owner": "pjones",
        "repo": "plasma-manager",
        "type": "github"
      }
    },
    "root": {
      "inputs": {
        "archiver": "archiver",
        "code-sandbox": "code-sandbox",
        "ff-addons": "ff-addons",
        "home-manager": "home-manager",
        "impermanence": "impermanence",
        "nixpkgs": "nixpkgs",
        "plasma-manager": "plasma-manager",
        "sshield": "sshield"
      }
    },
    "sshield": {
      "inputs": {
        "nixpkgs": [
          "nixpkgs"
        ]
      },
      "locked": {
        "lastModified": 1695092187,
        "narHash": "sha256-143MQ4FRBWAKjEEKR6mfaItihUy3t+5IUFToSNSN3ps=",
        "owner": "gotlougit",
        "repo": "sshield",
        "rev": "ae7d4fd14933960163ebd8b60784bc323e7f68a0",
        "type": "github"
      },
      "original": {
        "owner": "gotlougit",
        "repo": "sshield",
        "type": "github"
      }
    }
  },
  "root": "root",
  "version": 7
}
