{
  "nodes": {
    "code-sandbox": {
      "inputs": {
        "nixpkgs": "nixpkgs"
      },
      "locked": {
        "lastModified": 1686200854,
        "narHash": "sha256-LsKf+rtmj8v+F72dj8fEiO1eMFgN5CZjI7zY/qa072k=",
        "ref": "refs/heads/main",
        "rev": "d7067af921de0f183508e1ce6618dd263752c932",
        "revCount": 18,
        "type": "git",
        "url": "https://git.sr.ht/~gotlou/code-sandbox"
      },
      "original": {
        "type": "git",
        "url": "https://git.sr.ht/~gotlou/code-sandbox"
      }
    },
    "impermanence": {
      "locked": {
        "lastModified": 1684264534,
        "narHash": "sha256-K0zr+ry3FwIo3rN2U/VWAkCJSgBslBisvfRIPwMbuCQ=",
        "owner": "nix-community",
        "repo": "impermanence",
        "rev": "89253fb1518063556edd5e54509c30ac3089d5e6",
        "type": "github"
      },
      "original": {
        "owner": "nix-community",
        "repo": "impermanence",
        "type": "github"
      }
    },
    "nixpkgs": {
      "locked": {
        "lastModified": 1685931219,
        "narHash": "sha256-8EWeOZ6LKQfgAjB/USffUSELPRjw88A+xTcXnOUvO5M=",
        "owner": "nixos",
        "repo": "nixpkgs",
        "rev": "7409480d5c8584a1a83c422530419efe4afb0d19",
        "type": "github"
      },
      "original": {
        "owner": "nixos",
        "ref": "nixos-unstable",
        "repo": "nixpkgs",
        "type": "github"
      }
    },
    "nixpkgs_2": {
      "locked": {
        "lastModified": 1686020360,
        "narHash": "sha256-Wee7lIlZ6DIZHHLiNxU5KdYZQl0iprENXa/czzI6Cj4=",
        "owner": "NixOS",
        "repo": "nixpkgs",
        "rev": "4729ffac6fd12e26e5a8de002781ffc49b0e94b7",
        "type": "github"
      },
      "original": {
        "id": "nixpkgs",
        "ref": "nixos-unstable",
        "type": "indirect"
      }
    },
    "root": {
      "inputs": {
        "code-sandbox": "code-sandbox",
        "impermanence": "impermanence",
        "nixpkgs": "nixpkgs_2"
      }
    }
  },
  "root": "root",
  "version": 7
}
